
Microsoft Visual Studio Solution File, Format Version 12.00
# Visual Studio Version 17
VisualStudioVersion = 17.9.34728.123
MinimumVisualStudioVersion = 10.0.40219.1
Project("{9A19103F-16F7-4668-BE54-9A1E7A4F7556}") = "NetBootcamp.API", "NetBootcamp.API\NetBootcamp.API.csproj", "{C5C4C08D-FED7-4C68-89B5-E8736616C812}"
EndProject
Project("{FAE04EC0-301F-11D3-BF4B-00C04F79EFBC}") = "Bootcamp.Web", "Bootcamp.Web\Bootcamp.Web.csproj", "{DFC34033-4340-487B-8343-1B4EC1D650F3}"
EndProject
Project("{9A19103F-16F7-4668-BE54-9A1E7A4F7556}") = "Bootcamp.Service", "Bootcamp.Service\Bootcamp.Service.csproj", "{579AC224-8B00-4C94-8774-8AABABF232DE}"
EndProject
Project("{9A19103F-16F7-4668-BE54-9A1E7A4F7556}") = "Bootcamp.Repository", "Bootcamp.Repository\Bootcamp.Repository.csproj", "{5BCEE1C6-AC37-4FFD-A789-8BF98831E367}"
EndProject
Project("{2150E333-8FDC-42A3-9474-1A3956D46DE8}") = "NLayer", "NLayer", "{397B6877-071C-481E-98BB-141B20498937}"
EndProject
Project("{2150E333-8FDC-42A3-9474-1A3956D46DE8}") = "CleanArchitecture", "CleanArchitecture", "{41A943B3-309C-4D89-9998-C5C43FC6A160}"
EndProject
Project("{FAE04EC0-301F-11D3-BF4B-00C04F79EFBC}") = "Bootcamp.Domain", "Bootcamp.Domain\Bootcamp.Domain.csproj", "{E232D07D-9903-4F52-AABC-0D82FF902213}"
EndProject
Project("{FAE04EC0-301F-11D3-BF4B-00C04F79EFBC}") = "Bootcamp.ApplicationService", "Bootcamp.ApplicationService\Bootcamp.ApplicationService.csproj", "{D295D9D1-602D-4910-8EC0-D12946C21D4A}"
EndProject
Project("{FAE04EC0-301F-11D3-BF4B-00C04F79EFBC}") = "Bootcamp.PersistenceRepository", "Bootcamp.PersistenceRepository\Bootcamp.PersistenceRepository.csproj", "{00CF53AC-A2F1-4F73-90E7-4A74A16E45AE}"
EndProject
Project("{FAE04EC0-301F-11D3-BF4B-00C04F79EFBC}") = "Bootcamp.API", "Bootcamp.API\Bootcamp.API.csproj", "{D4FE8FBA-8DE6-4C18-9761-8778DE5A746E}"
EndProject
Project("{FAE04EC0-301F-11D3-BF4B-00C04F79EFBC}") = "Bootcamp.Cache", "Bootcamp.Cache\Bootcamp.Cache.csproj", "{C8391F69-FE26-479A-A8A0-58CBB38A5712}"
EndProject
Global
	GlobalSection(SolutionConfigurationPlatforms) = preSolution
		Debug|Any CPU = Debug|Any CPU
		Release|Any CPU = Release|Any CPU
	EndGlobalSection
	GlobalSection(ProjectConfigurationPlatforms) = postSolution
		{C5C4C08D-FED7-4C68-89B5-E8736616C812}.Debug|Any CPU.ActiveCfg = Debug|Any CPU
		{C5C4C08D-FED7-4C68-89B5-E8736616C812}.Debug|Any CPU.Build.0 = Debug|Any CPU
		{C5C4C08D-FED7-4C68-89B5-E8736616C812}.Release|Any CPU.ActiveCfg = Release|Any CPU
		{C5C4C08D-FED7-4C68-89B5-E8736616C812}.Release|Any CPU.Build.0 = Release|Any CPU
		{DFC34033-4340-487B-8343-1B4EC1D650F3}.Debug|Any CPU.ActiveCfg = Debug|Any CPU
		{DFC34033-4340-487B-8343-1B4EC1D650F3}.Debug|Any CPU.Build.0 = Debug|Any CPU
		{DFC34033-4340-487B-8343-1B4EC1D650F3}.Release|Any CPU.ActiveCfg = Release|Any CPU
		{DFC34033-4340-487B-8343-1B4EC1D650F3}.Release|Any CPU.Build.0 = Release|Any CPU
		{579AC224-8B00-4C94-8774-8AABABF232DE}.Debug|Any CPU.ActiveCfg = Debug|Any CPU
		{579AC224-8B00-4C94-8774-8AABABF232DE}.Debug|Any CPU.Build.0 = Debug|Any CPU
		{579AC224-8B00-4C94-8774-8AABABF232DE}.Release|Any CPU.ActiveCfg = Release|Any CPU
		{579AC224-8B00-4C94-8774-8AABABF232DE}.Release|Any CPU.Build.0 = Release|Any CPU
		{5BCEE1C6-AC37-4FFD-A789-8BF98831E367}.Debug|Any CPU.ActiveCfg = Debug|Any CPU
		{5BCEE1C6-AC37-4FFD-A789-8BF98831E367}.Debug|Any CPU.Build.0 = Debug|Any CPU
		{5BCEE1C6-AC37-4FFD-A789-8BF98831E367}.Release|Any CPU.ActiveCfg = Release|Any CPU
		{5BCEE1C6-AC37-4FFD-A789-8BF98831E367}.Release|Any CPU.Build.0 = Release|Any CPU
		{E232D07D-9903-4F52-AABC-0D82FF902213}.Debug|Any CPU.ActiveCfg = Debug|Any CPU
		{E232D07D-9903-4F52-AABC-0D82FF902213}.Debug|Any CPU.Build.0 = Debug|Any CPU
		{E232D07D-9903-4F52-AABC-0D82FF902213}.Release|Any CPU.ActiveCfg = Release|Any CPU
		{E232D07D-9903-4F52-AABC-0D82FF902213}.Release|Any CPU.Build.0 = Release|Any CPU
		{D295D9D1-602D-4910-8EC0-D12946C21D4A}.Debug|Any CPU.ActiveCfg = Debug|Any CPU
		{D295D9D1-602D-4910-8EC0-D12946C21D4A}.Debug|Any CPU.Build.0 = Debug|Any CPU
		{D295D9D1-602D-4910-8EC0-D12946C21D4A}.Release|Any CPU.ActiveCfg = Release|Any CPU
		{D295D9D1-602D-4910-8EC0-D12946C21D4A}.Release|Any CPU.Build.0 = Release|Any CPU
		{00CF53AC-A2F1-4F73-90E7-4A74A16E45AE}.Debug|Any CPU.ActiveCfg = Debug|Any CPU
		{00CF53AC-A2F1-4F73-90E7-4A74A16E45AE}.Debug|Any CPU.Build.0 = Debug|Any CPU
		{00CF53AC-A2F1-4F73-90E7-4A74A16E45AE}.Release|Any CPU.ActiveCfg = Release|Any CPU
		{00CF53AC-A2F1-4F73-90E7-4A74A16E45AE}.Release|Any CPU.Build.0 = Release|Any CPU
		{D4FE8FBA-8DE6-4C18-9761-8778DE5A746E}.Debug|Any CPU.ActiveCfg = Debug|Any CPU
		{D4FE8FBA-8DE6-4C18-9761-8778DE5A746E}.Debug|Any CPU.Build.0 = Debug|Any CPU
		{D4FE8FBA-8DE6-4C18-9761-8778DE5A746E}.Release|Any CPU.ActiveCfg = Release|Any CPU
		{D4FE8FBA-8DE6-4C18-9761-8778DE5A746E}.Release|Any CPU.Build.0 = Release|Any CPU
		{C8391F69-FE26-479A-A8A0-58CBB38A5712}.Debug|Any CPU.ActiveCfg = Debug|Any CPU
		{C8391F69-FE26-479A-A8A0-58CBB38A5712}.Debug|Any CPU.Build.0 = Debug|Any CPU
		{C8391F69-FE26-479A-A8A0-58CBB38A5712}.Release|Any CPU.ActiveCfg = Release|Any CPU
		{C8391F69-FE26-479A-A8A0-58CBB38A5712}.Release|Any CPU.Build.0 = Release|Any CPU
	EndGlobalSection
	GlobalSection(SolutionProperties) = preSolution
		HideSolutionNode = FALSE
	EndGlobalSection
	GlobalSection(NestedProjects) = preSolution
		{C5C4C08D-FED7-4C68-89B5-E8736616C812} = {397B6877-071C-481E-98BB-141B20498937}
		{DFC34033-4340-487B-8343-1B4EC1D650F3} = {397B6877-071C-481E-98BB-141B20498937}
		{579AC224-8B00-4C94-8774-8AABABF232DE} = {397B6877-071C-481E-98BB-141B20498937}
		{5BCEE1C6-AC37-4FFD-A789-8BF98831E367} = {397B6877-071C-481E-98BB-141B20498937}
		{E232D07D-9903-4F52-AABC-0D82FF902213} = {41A943B3-309C-4D89-9998-C5C43FC6A160}
		{D295D9D1-602D-4910-8EC0-D12946C21D4A} = {41A943B3-309C-4D89-9998-C5C43FC6A160}
		{00CF53AC-A2F1-4F73-90E7-4A74A16E45AE} = {41A943B3-309C-4D89-9998-C5C43FC6A160}
		{D4FE8FBA-8DE6-4C18-9761-8778DE5A746E} = {41A943B3-309C-4D89-9998-C5C43FC6A160}
		{C8391F69-FE26-479A-A8A0-58CBB38A5712} = {41A943B3-309C-4D89-9998-C5C43FC6A160}
	EndGlobalSection
	GlobalSection(ExtensibilityGlobals) = postSolution
		SolutionGuid = {63782D3E-D5CB-4F1F-9C16-7A907FB62BB7}
	EndGlobalSection
EndGlobal
